
Microsoft Visual Studio Solution File, Format Version 12.00
# Visual Studio Version 17
VisualStudioVersion = 17.5.002.0
MinimumVisualStudioVersion = 10.0.40219.1
Project("{9A19103F-16F7-4668-BE54-9A1E7A4F7556}") = "m365-exchange-ews-auth", "m365-exchange-ews-auth.csproj", "{ED8709FB-BF5B-43D4-A2AF-42603E0B3330}"
EndProject
Global
	GlobalSection(SolutionConfigurationPlatforms) = preSolution
		Debug|Any CPU = Debug|Any CPU
		Release|Any CPU = Release|Any CPU
	EndGlobalSection
	GlobalSection(ProjectConfigurationPlatforms) = postSolution
		{ED8709FB-BF5B-43D4-A2AF-42603E0B3330}.Debug|Any CPU.ActiveCfg = Debug|Any CPU
		{ED8709FB-BF5B-43D4-A2AF-42603E0B3330}.Debug|Any CPU.Build.0 = Debug|Any CPU
		{ED8709FB-BF5B-43D4-A2AF-42603E0B3330}.Release|Any CPU.ActiveCfg = Release|Any CPU
		{ED8709FB-BF5B-43D4-A2AF-42603E0B3330}.Release|Any CPU.Build.0 = Release|Any CPU
	EndGlobalSection
	GlobalSection(SolutionProperties) = preSolution
		HideSolutionNode = FALSE
	EndGlobalSection
	GlobalSection(ExtensibilityGlobals) = postSolution
		SolutionGuid = {B23A5F51-E5C2-41FA-8C21-566B41A3D92E}
	EndGlobalSection
EndGlobal
